
Microsoft Visual Studio Solution File, Format Version 12.00
# Visual Studio 15
VisualStudioVersion = 15.0.28010.2050
MinimumVisualStudioVersion = 10.0.40219.1
Project("{FAE04EC0-301F-11D3-BF4B-00C04F79EFBC}") = "WindowsFormsApp_DB_LR3", "WindowsFormsApp_DB_LR3\WindowsFormsApp_DB_LR3.csproj", "{F6BAEE16-C009-41D9-84B4-026EC0559018}"
EndProject
Global
	GlobalSection(SolutionConfigurationPlatforms) = preSolution
		Debug|Any CPU = Debug|Any CPU
		Release|Any CPU = Release|Any CPU
	EndGlobalSection
	GlobalSection(ProjectConfigurationPlatforms) = postSolution
		{F6BAEE16-C009-41D9-84B4-026EC0559018}.Debug|Any CPU.ActiveCfg = Debug|Any CPU
		{F6BAEE16-C009-41D9-84B4-026EC0559018}.Debug|Any CPU.Build.0 = Debug|Any CPU
		{F6BAEE16-C009-41D9-84B4-026EC0559018}.Release|Any CPU.ActiveCfg = Release|Any CPU
		{F6BAEE16-C009-41D9-84B4-026EC0559018}.Release|Any CPU.Build.0 = Release|Any CPU
	EndGlobalSection
	GlobalSection(SolutionProperties) = preSolution
		HideSolutionNode = FALSE
	EndGlobalSection
	GlobalSection(ExtensibilityGlobals) = postSolution
		SolutionGuid = {01163BB8-7740-4D3E-AFF2-FA34F314E10B}
	EndGlobalSection
EndGlobal
